// !$*UTF8*$!
{
	archiveVersion = 1;
	classes = {
	};
	objectVersion = 56;
	objects = {

/* Begin PBXBuildFile section */
		FE9BEF2D297EEEB5005FD4E0 /* NetworkManager.swift in Sources */ = {isa = PBXBuildFile; fileRef = FE9BEF2C297EEEB5005FD4E0 /* NetworkManager.swift */; };
		FE9BEF2F297EF2AC005FD4E0 /* PostData.swift in Sources */ = {isa = PBXBuildFile; fileRef = FE9BEF2E297EF2AC005FD4E0 /* PostData.swift */; };
		FE9D4F4F297EB7B100E15320 /* H4X0RApp.swift in Sources */ = {isa = PBXBuildFile; fileRef = FE9D4F4E297EB7B100E15320 /* H4X0RApp.swift */; };
		FE9D4F51297EB7B100E15320 /* ContentView.swift in Sources */ = {isa = PBXBuildFile; fileRef = FE9D4F50297EB7B100E15320 /* ContentView.swift */; };
		FE9D4F53297EB7B300E15320 /* Assets.xcassets in Resources */ = {isa = PBXBuildFile; fileRef = FE9D4F52297EB7B300E15320 /* Assets.xcassets */; };
		FE9D4F56297EB7B300E15320 /* Preview Assets.xcassets in Resources */ = {isa = PBXBuildFile; fileRef = FE9D4F55297EB7B300E15320 /* Preview Assets.xcassets */; };
		FEAF13652981D620003C2F79 /* DetailView.swift in Sources */ = {isa = PBXBuildFile; fileRef = FEAF13642981D620003C2F79 /* DetailView.swift */; };
		FEAF136929821050003C2F79 /* WebView.swift in Sources */ = {isa = PBXBuildFile; fileRef = FEAF136829821050003C2F79 /* WebView.swift */; };
/* End PBXBuildFile section */

/* Begin PBXFileReference section */
		FE9BEF2C297EEEB5005FD4E0 /* NetworkManager.swift */ = {isa = PBXFileReference; lastKnownFileType = sourcecode.swift; path = NetworkManager.swift; sourceTree = "<group>"; };
		FE9BEF2E297EF2AC005FD4E0 /* PostData.swift */ = {isa = PBXFileReference; lastKnownFileType = sourcecode.swift; path = PostData.swift; sourceTree = "<group>"; };
		FE9D4F4B297EB7B100E15320 /* H4X0R.app */ = {isa = PBXFileReference; explicitFileType = wrapper.application; includeInIndex = 0; path = H4X0R.app; sourceTree = BUILT_PRODUCTS_DIR; };
		FE9D4F4E297EB7B100E15320 /* H4X0RApp.swift */ = {isa = PBXFileReference; lastKnownFileType = sourcecode.swift; path = H4X0RApp.swift; sourceTree = "<group>"; };
		FE9D4F50297EB7B100E15320 /* ContentView.swift */ = {isa = PBXFileReference; lastKnownFileType = sourcecode.swift; path = ContentView.swift; sourceTree = "<group>"; };
		FE9D4F52297EB7B300E15320 /* Assets.xcassets */ = {isa = PBXFileReference; lastKnownFileType = folder.assetcatalog; path = Assets.xcassets; sourceTree = "<group>"; };
		FE9D4F55297EB7B300E15320 /* Preview Assets.xcassets */ = {isa = PBXFileReference; lastKnownFileType = folder.assetcatalog; path = "Preview Assets.xcassets"; sourceTree = "<group>"; };
		FEAF13642981D620003C2F79 /* DetailView.swift */ = {isa = PBXFileReference; lastKnownFileType = sourcecode.swift; path = DetailView.swift; sourceTree = "<group>"; };
		FEAF136829821050003C2F79 /* WebView.swift */ = {isa = PBXFileReference; lastKnownFileType = sourcecode.swift; path = WebView.swift; sourceTree = "<group>"; };
/* End PBXFileReference section */

/* Begin PBXFrameworksBuildPhase section */
		FE9D4F48297EB7B100E15320 /* Frameworks */ = {
			isa = PBXFrameworksBuildPhase;
			buildActionMask = 2147483647;
			files = (
			);
			runOnlyForDeploymentPostprocessing = 0;
		};
/* End PBXFrameworksBuildPhase section */

/* Begin PBXGroup section */
		FE9BEF2B297EEE84005FD4E0 /* Models */ = {
			isa = PBXGroup;
			children = (
				FE9BEF2C297EEEB5005FD4E0 /* NetworkManager.swift */,
				FE9BEF2E297EF2AC005FD4E0 /* PostData.swift */,
			);
			path = Models;
			sourceTree = "<group>";
		};
		FE9D4F42297EB7B100E15320 = {
			isa = PBXGroup;
			children = (
				FE9D4F4D297EB7B100E15320 /* H4X0R */,
				FE9D4F4C297EB7B100E15320 /* Products */,
			);
			sourceTree = "<group>";
		};
		FE9D4F4C297EB7B100E15320 /* Products */ = {
			isa = PBXGroup;
			children = (
				FE9D4F4B297EB7B100E15320 /* H4X0R.app */,
			);
			name = Products;
			sourceTree = "<group>";
		};
		FE9D4F4D297EB7B100E15320 /* H4X0R */ = {
			isa = PBXGroup;
			children = (
				FE9D4F4E297EB7B100E15320 /* H4X0RApp.swift */,
				FEAF13632981D5FD003C2F79 /* Views */,
				FE9BEF2B297EEE84005FD4E0 /* Models */,
				FE9D4F52297EB7B300E15320 /* Assets.xcassets */,
				FE9D4F54297EB7B300E15320 /* Preview Content */,
			);
			path = H4X0R;
			sourceTree = "<group>";
		};
		FE9D4F54297EB7B300E15320 /* Preview Content */ = {
			isa = PBXGroup;
			children = (
				FE9D4F55297EB7B300E15320 /* Preview Assets.xcassets */,
			);
			path = "Preview Content";
			sourceTree = "<group>";
		};
		FEAF13632981D5FD003C2F79 /* Views */ = {
			isa = PBXGroup;
			children = (
				FE9D4F50297EB7B100E15320 /* ContentView.swift */,
				FEAF13642981D620003C2F79 /* DetailView.swift */,
				FEAF136829821050003C2F79 /* WebView.swift */,
			);
			path = Views;
			sourceTree = "<group>";
		};
/* End PBXGroup section */

/* Begin PBXNativeTarget section */
		FE9D4F4A297EB7B100E15320 /* H4X0R */ = {
			isa = PBXNativeTarget;
			buildConfigurationList = FE9D4F59297EB7B300E15320 /* Build configuration list for PBXNativeTarget "H4X0R" */;
			buildPhases = (
				FE9D4F47297EB7B100E15320 /* Sources */,
				FE9D4F48297EB7B100E15320 /* Frameworks */,
				FE9D4F49297EB7B100E15320 /* Resources */,
			);
			buildRules = (
			);
			dependencies = (
			);
			name = H4X0R;
			productName = H4X0R;
			productReference = FE9D4F4B297EB7B100E15320 /* H4X0R.app */;
			productType = "com.apple.product-type.application";
		};
/* End PBXNativeTarget section */

/* Begin PBXProject section */
		FE9D4F43297EB7B100E15320 /* Project object */ = {
			isa = PBXProject;
			attributes = {
				BuildIndependentTargetsInParallel = 1;
				LastSwiftUpdateCheck = 1420;
				LastUpgradeCheck = 1420;
				TargetAttributes = {
					FE9D4F4A297EB7B100E15320 = {
						CreatedOnToolsVersion = 14.2;
					};
				};
			};
			buildConfigurationList = FE9D4F46297EB7B100E15320 /* Build configuration list for PBXProject "H4X0R" */;
			compatibilityVersion = "Xcode 14.0";
			developmentRegion = en;
			hasScannedForEncodings = 0;
			knownRegions = (
				en,
				Base,
			);
			mainGroup = FE9D4F42297EB7B100E15320;
			productRefGroup = FE9D4F4C297EB7B100E15320 /* Products */;
			projectDirPath = "";
			projectRoot = "";
			targets = (
				FE9D4F4A297EB7B100E15320 /* H4X0R */,
			);
		};
/* End PBXProject section */

/* Begin PBXResourcesBuildPhase section */
		FE9D4F49297EB7B100E15320 /* Resources */ = {
			isa = PBXResourcesBuildPhase;
			buildActionMask = 2147483647;
			files = (
				FE9D4F56297EB7B300E15320 /* Preview Assets.xcassets in Resources */,
				FE9D4F53297EB7B300E15320 /* Assets.xcassets in Resources */,
			);
			runOnlyForDeploymentPostprocessing = 0;
		};
/* End PBXResourcesBuildPhase section */

/* Begin PBXSourcesBuildPhase section */
		FE9D4F47297EB7B100E15320 /* Sources */ = {
			isa = PBXSourcesBuildPhase;
			buildActionMask = 2147483647;
			files = (
				FE9BEF2D297EEEB5005FD4E0 /* NetworkManager.swift in Sources */,
				FEAF136929821050003C2F79 /* WebView.swift in Sources */,
				FE9BEF2F297EF2AC005FD4E0 /* PostData.swift in Sources */,
				FE9D4F51297EB7B100E15320 /* ContentView.swift in Sources */,
				FEAF13652981D620003C2F79 /* DetailView.swift in Sources */,
				FE9D4F4F297EB7B100E15320 /* H4X0RApp.swift in Sources */,
			);
			runOnlyForDeploymentPostprocessing = 0;
		};
/* End PBXSourcesBuildPhase section */

/* Begin XCBuildConfiguration section */
		FE9D4F57297EB7B300E15320 /* Debug */ = {
			isa = XCBuildConfiguration;
			buildSettings = {
				ALWAYS_SEARCH_USER_PATHS = NO;
				CLANG_ANALYZER_NONNULL = YES;
				CLANG_ANALYZER_NUMBER_OBJECT_CONVERSION = YES_AGGRESSIVE;
				CLANG_CXX_LANGUAGE_STANDARD = "gnu++20";
				CLANG_ENABLE_MODULES = YES;
				CLANG_ENABLE_OBJC_ARC = YES;
				CLANG_ENABLE_OBJC_WEAK = YES;
				CLANG_WARN_BLOCK_CAPTURE_AUTORELEASING = YES;
				CLANG_WARN_BOOL_CONVERSION = YES;
				CLANG_WARN_COMMA = YES;
				CLANG_WARN_CONSTANT_CONVERSION = YES;
				CLANG_WARN_DEPRECATED_OBJC_IMPLEMENTATIONS = YES;
				CLANG_WARN_DIRECT_OBJC_ISA_USAGE = YES_ERROR;
				CLANG_WARN_DOCUMENTATION_COMMENTS = YES;
				CLANG_WARN_EMPTY_BODY = YES;
				CLANG_WARN_ENUM_CONVERSION = YES;
				CLANG_WARN_INFINITE_RECURSION = YES;
				CLANG_WARN_INT_CONVERSION = YES;
				CLANG_WARN_NON_LITERAL_NULL_CONVERSION = YES;
				CLANG_WARN_OBJC_IMPLICIT_RETAIN_SELF = YES;
				CLANG_WARN_OBJC_LITERAL_CONVERSION = YES;
				CLANG_WARN_OBJC_ROOT_CLASS = YES_ERROR;
				CLANG_WARN_QUOTED_INCLUDE_IN_FRAMEWORK_HEADER = YES;
				CLANG_WARN_RANGE_LOOP_ANALYSIS = YES;
				CLANG_WARN_STRICT_PROTOTYPES = YES;
				CLANG_WARN_SUSPICIOUS_MOVE = YES;
				CLANG_WARN_UNGUARDED_AVAILABILITY = YES_AGGRESSIVE;
				CLANG_WARN_UNREACHABLE_CODE = YES;
				CLANG_WARN__DUPLICATE_METHOD_MATCH = YES;
				COPY_PHASE_STRIP = NO;
				DEBUG_INFORMATION_FORMAT = dwarf;
				ENABLE_STRICT_OBJC_MSGSEND = YES;
				ENABLE_TESTABILITY = YES;
				GCC_C_LANGUAGE_STANDARD = gnu11;
				GCC_DYNAMIC_NO_PIC = NO;
				GCC_NO_COMMON_BLOCKS = YES;
				GCC_OPTIMIZATION_LEVEL = 0;
				GCC_PREPROCESSOR_DEFINITIONS = (
					"DEBUG=1",
					"$(inherited)",
				);
				GCC_WARN_64_TO_32_BIT_CONVERSION = YES;
				GCC_WARN_ABOUT_RETURN_TYPE = YES_ERROR;
				GCC_WARN_UNDECLARED_SELECTOR = YES;
				GCC_WARN_UNINITIALIZED_AUTOS = YES_AGGRESSIVE;
				GCC_WARN_UNUSED_FUNCTION = YES;
				GCC_WARN_UNUSED_VARIABLE = YES;
				IPHONEOS_DEPLOYMENT_TARGET = 16.2;
				MTL_ENABLE_DEBUG_INFO = INCLUDE_SOURCE;
				MTL_FAST_MATH = YES;
				ONLY_ACTIVE_ARCH = YES;
				SDKROOT = iphoneos;
				SWIFT_ACTIVE_COMPILATION_CONDITIONS = DEBUG;
				SWIFT_OPTIMIZATION_LEVEL = "-Onone";
			};
			name = Debug;
		};
		FE9D4F58297EB7B300E15320 /* Release */ = {
			isa = XCBuildConfiguration;
			buildSettings = {
				ALWAYS_SEARCH_USER_PATHS = NO;
				CLANG_ANALYZER_NONNULL = YES;
				CLANG_ANALYZER_NUMBER_OBJECT_CONVERSION = YES_AGGRESSIVE;
				CLANG_CXX_LANGUAGE_STANDARD = "gnu++20";
				CLANG_ENABLE_MODULES = YES;
				CLANG_ENABLE_OBJC_ARC = YES;
				CLANG_ENABLE_OBJC_WEAK = YES;
				CLANG_WARN_BLOCK_CAPTURE_AUTORELEASING = YES;
				CLANG_WARN_BOOL_CONVERSION = YES;
				CLANG_WARN_COMMA = YES;
				CLANG_WARN_CONSTANT_CONVERSION = YES;
				CLANG_WARN_DEPRECATED_OBJC_IMPLEMENTATIONS = YES;
				CLANG_WARN_DIRECT_OBJC_ISA_USAGE = YES_ERROR;
				CLANG_WARN_DOCUMENTATION_COMMENTS = YES;
				CLANG_WARN_EMPTY_BODY = YES;
				CLANG_WARN_ENUM_CONVERSION = YES;
				CLANG_WARN_INFINITE_RECURSION = YES;
				CLANG_WARN_INT_CONVERSION = YES;
				CLANG_WARN_NON_LITERAL_NULL_CONVERSION = YES;
				CLANG_WARN_OBJC_IMPLICIT_RETAIN_SELF = YES;
				CLANG_WARN_OBJC_LITERAL_CONVERSION = YES;
				CLANG_WARN_OBJC_ROOT_CLASS = YES_ERROR;
				CLANG_WARN_QUOTED_INCLUDE_IN_FRAMEWORK_HEADER = YES;
				CLANG_WARN_RANGE_LOOP_ANALYSIS = YES;
				CLANG_WARN_STRICT_PROTOTYPES = YES;
				CLANG_WARN_SUSPICIOUS_MOVE = YES;
				CLANG_WARN_UNGUARDED_AVAILABILITY = YES_AGGRESSIVE;
				CLANG_WARN_UNREACHABLE_CODE = YES;
				CLANG_WARN__DUPLICATE_METHOD_MATCH = YES;
				COPY_PHASE_STRIP = NO;
				DEBUG_INFORMATION_FORMAT = "dwarf-with-dsym";
				ENABLE_NS_ASSERTIONS = NO;
				ENABLE_STRICT_OBJC_MSGSEND = YES;
				GCC_C_LANGUAGE_STANDARD = gnu11;
				GCC_NO_COMMON_BLOCKS = YES;
				GCC_WARN_64_TO_32_BIT_CONVERSION = YES;
				GCC_WARN_ABOUT_RETURN_TYPE = YES_ERROR;
				GCC_WARN_UNDECLARED_SELECTOR = YES;
				GCC_WARN_UNINITIALIZED_AUTOS = YES_AGGRESSIVE;
				GCC_WARN_UNUSED_FUNCTION = YES;
				GCC_WARN_UNUSED_VARIABLE = YES;
				IPHONEOS_DEPLOYMENT_TARGET = 16.2;
				MTL_ENABLE_DEBUG_INFO = NO;
				MTL_FAST_MATH = YES;
				SDKROOT = iphoneos;
				SWIFT_COMPILATION_MODE = wholemodule;
				SWIFT_OPTIMIZATION_LEVEL = "-O";
				VALIDATE_PRODUCT = YES;
			};
			name = Release;
		};
		FE9D4F5A297EB7B300E15320 /* Debug */ = {
			isa = XCBuildConfiguration;
			buildSettings = {
				ASSETCATALOG_COMPILER_APPICON_NAME = AppIcon;
				ASSETCATALOG_COMPILER_GLOBAL_ACCENT_COLOR_NAME = AccentColor;
				CODE_SIGN_STYLE = Automatic;
				CURRENT_PROJECT_VERSION = 1;
				DEVELOPMENT_ASSET_PATHS = "\"H4X0R/Preview Content\"";
				ENABLE_PREVIEWS = YES;
				GENERATE_INFOPLIST_FILE = YES;
				INFOPLIST_KEY_UIApplicationSceneManifest_Generation = YES;
				INFOPLIST_KEY_UIApplicationSupportsIndirectInputEvents = YES;
				INFOPLIST_KEY_UILaunchScreen_Generation = YES;
				INFOPLIST_KEY_UISupportedInterfaceOrientations_iPad = "UIInterfaceOrientationPortrait UIInterfaceOrientationPortraitUpsideDown UIInterfaceOrientationLandscapeLeft UIInterfaceOrientationLandscapeRight";
				INFOPLIST_KEY_UISupportedInterfaceOrientations_iPhone = "UIInterfaceOrientationPortrait UIInterfaceOrientationLandscapeLeft UIInterfaceOrientationLandscapeRight";
				LD_RUNPATH_SEARCH_PATHS = (
					"$(inherited)",
					"@executable_path/Frameworks",
				);
				MARKETING_VERSION = 1.0;
				PRODUCT_BUNDLE_IDENTIFIER = com.pauloroberto.H4X0R;
				PRODUCT_NAME = "$(TARGET_NAME)";
				SWIFT_EMIT_LOC_STRINGS = YES;
				SWIFT_VERSION = 5.0;
				TARGETED_DEVICE_FAMILY = "1,2";
			};
			name = Debug;
		};
		FE9D4F5B297EB7B300E15320 /* Release */ = {
			isa = XCBuildConfiguration;
			buildSettings = {
				ASSETCATALOG_COMPILER_APPICON_NAME = AppIcon;
				ASSETCATALOG_COMPILER_GLOBAL_ACCENT_COLOR_NAME = AccentColor;
				CODE_SIGN_STYLE = Automatic;
				CURRENT_PROJECT_VERSION = 1;
				DEVELOPMENT_ASSET_PATHS = "\"H4X0R/Preview Content\"";
				ENABLE_PREVIEWS = YES;
				GENERATE_INFOPLIST_FILE = YES;
				INFOPLIST_KEY_UIApplicationSceneManifest_Generation = YES;
				INFOPLIST_KEY_UIApplicationSupportsIndirectInputEvents = YES;
				INFOPLIST_KEY_UILaunchScreen_Generation = YES;
				INFOPLIST_KEY_UISupportedInterfaceOrientations_iPad = "UIInterfaceOrientationPortrait UIInterfaceOrientationPortraitUpsideDown UIInterfaceOrientationLandscapeLeft UIInterfaceOrientationLandscapeRight";
				INFOPLIST_KEY_UISupportedInterfaceOrientations_iPhone = "UIInterfaceOrientationPortrait UIInterfaceOrientationLandscapeLeft UIInterfaceOrientationLandscapeRight";
				LD_RUNPATH_SEARCH_PATHS = (
					"$(inherited)",
					"@executable_path/Frameworks",
				);
				MARKETING_VERSION = 1.0;
				PRODUCT_BUNDLE_IDENTIFIER = com.pauloroberto.H4X0R;
				PRODUCT_NAME = "$(TARGET_NAME)";
				SWIFT_EMIT_LOC_STRINGS = YES;
				SWIFT_VERSION = 5.0;
				TARGETED_DEVICE_FAMILY = "1,2";
			};
			name = Release;
		};
/* End XCBuildConfiguration section */

/* Begin XCConfigurationList section */
		FE9D4F46297EB7B100E15320 /* Build configuration list for PBXProject "H4X0R" */ = {
			isa = XCConfigurationList;
			buildConfigurations = (
				FE9D4F57297EB7B300E15320 /* Debug */,
				FE9D4F58297EB7B300E15320 /* Release */,
			);
			defaultConfigurationIsVisible = 0;
			defaultConfigurationName = Release;
		};
		FE9D4F59297EB7B300E15320 /* Build configuration list for PBXNativeTarget "H4X0R" */ = {
			isa = XCConfigurationList;
			buildConfigurations = (
				FE9D4F5A297EB7B300E15320 /* Debug */,
				FE9D4F5B297EB7B300E15320 /* Release */,
			);
			defaultConfigurationIsVisible = 0;
			defaultConfigurationName = Release;
		};
/* End XCConfigurationList section */
	};
	rootObject = FE9D4F43297EB7B100E15320 /* Project object */;
}
